github.com/aws/aws-sdk-go-v2 v1.18.0/go.mod h1:uzbQtefpm44goOPmdKyAlXSNcwlRgF3ePWVW6EtJvvw=
github.com/aws/aws-sdk-go-v2 v1.19.1 h1:STs0lbbpXu3byTPcnRLghs2DH0yk9qKDo27TyyJSKsM=
github.com/aws/aws-sdk-go-v2 v1.19.1/go.mod h1:uzbQtefpm44goOPmdKyAlXSNcwlRgF3ePWVW6EtJvvw=
github.com/aws/aws-sdk-go-v2/config v1.18.30 h1:TTAXQIn31qYFUQjkW6siVrRTX1ux+sADZDOe3jsZcMg=
github.com/aws/aws-sdk-go-v2/config v1.18.30/go.mod h1:+YogjT7e/t9JVu/sOnZZgxTge1G+bPNk8zOaI0QIQvE=
github.com/aws/aws-sdk-go-v2/credentials v1.13.29 h1:KNgCpThGuZyCjq9EuuqoLDenKKMwO/x1Xx01ckDa7VI=
github.com/aws/aws-sdk-go-v2/credentials v1.13.29/go.mod h1:VMq1LcmSEa9qxBlOCYTjVuGJWEEzhGmgL552jQsmhss=
github.com/aws/aws-sdk-go-v2/feature/ec2/imds v1.13.6 h1:kortK122LvTU34CGX/F9oJpelXKkEA2j/MW48II+8+8=
github.com/aws/aws-sdk-go-v2/feature/ec2/imds v1.13.6/go.mod h1:k7IPHyHNIASI0m0RwOmCjWOTtgG+J0raqwuHH8WhWJE=
github.com/aws/aws-sdk-go-v2/internal/configsources v1.1.33/go.mod h1:7i0PF1ME/2eUPFcjkVIwq+DOygHEoK92t5cDqNgYbIw=
github.com/aws/aws-sdk-go-v2/internal/configsources v1.1.36 h1:kbk81RlPoC6e4co7cQx2FAvH9TgbzxIqCqiosAFiB+w=
github.com/aws/aws-sdk-go-v2/internal/configsources v1.1.36/go.mod h1:T8Jsn/uNL/AFOXrVYQ1YQaN1r9gN34JU1855/Lyjv+o=
github.com/aws/aws-sdk-go-v2/internal/endpoints/v2 v2.4.27/go.mod h1:UrHnn3QV/d0pBZ6QBAEQcqFLf8FAzLmoUfPVIueOvoM=
github.com/aws/aws-sdk-go-v2/internal/endpoints/v2 v2.4.30 h1:lMl8S5SB8jNCB+Sty2Em4lnu3IJytceHQd7qbmfqKL0=
github.com/aws/aws-sdk-go-v2/internal/endpoints/v2 v2.4.30/go.mod h1:v3GSCnFxbHzt9dlWBqvA1K1f9lmWuf4ztupZBCAIVs4=
github.com/aws/aws-sdk-go-v2/internal/ini v1.3.37 h1:BXiqvN7WuV/pMhz8CivhO8cG8icJcjnjHumif4ukQ0c=
github.com/aws/aws-sdk-go-v2/internal/ini v1.3.37/go.mod h1:d4GZ62cjnz/hjKFdAu11gAwK73bdhqaFv2O4J1gaqIs=
github.com/aws/aws-sdk-go-v2/service/cloudwatch v1.26.0 h1:sSzrsKQULJmPtmu6By4wR6g0701nGqonssKOy35uOd0=
github.com/aws/aws-sdk-go-v2/service/cloudwatch v1.26.0/go.mod h1:t5mizLPjCYafXoHCXOHJU7z4OvLbY70Echvb1ciBTV4=
github.com/aws/aws-sdk-go-v2/service/internal/presigned-url v1.9.30 h1:UcVZxLVNY4yayCmiG94Ge3l2qbc5WEB/oa4RmjoQEi0=
github.com/aws/aws-sdk-go-v2/service/internal/presigned-url v1.9.30/go.mod h1:wPffyJiWWtHwvpFyn23WjAjVjMnlQOQrl02+vutBh3Y=
github.com/aws/aws-sdk-go-v2/service/sso v1.12.14 h1:gUjz7trfz9qBm0AlkKTvJHBXELi1wvw+2LA9GfD2AsM=
github.com/aws/aws-sdk-go-v2/service/sso v1.12.14/go.mod h1:9kfRdJgLCbnyeqZ/DpaSwcgj9ZDYLfRpe8Sze+NrYfQ=
github.com/aws/aws-sdk-go-v2/service/ssooidc v1.14.14 h1:8bEtxV5UT9ucdWGXfZ7CM3caQhSHGjWnTHt0OeF7m7s=
github.com/aws/aws-sdk-go-v2/service/ssooidc v1.14.14/go.mod h1:nd9BG2UnexN2sDx/mk2Jd6pf3d2E61AiA8m8Fdvdx8Y=
github.com/aws/aws-sdk-go-v2/service/sts v1.20.1 h1:U7h9CPoyMfVoN5jUglB0LglCMP10AK4vMBsbsCKM8Yw=
github.com/aws/aws-sdk-go-v2/service/sts v1.20.1/go.mod h1:BUHusg4cOA1TFGegj7x8/eoWrbdHzJfoMrXcbMQAG0k=
github.com/aws/smithy-go v1.13.5 h1:hgz0X/DX0dGqTYpGALqXJoRKRj5oQ7150i5FdTePzO8=
github.com/aws/smithy-go v1.13.5/go.mod h1:Tg+OJXh4MB2R/uN61Ko2f6hTZwB/ZYGOtib8J3gBHzA=
github.com/coreos/go-systemd/v22 v22.5.0/go.mod h1:Y58oyj3AT4RCenI/lSvhwexgC+NSVTIJ3seZv2GcEnc=
github.com/davecgh/go-spew v1.1.0/go.mod h1:J7Y8YcW2NihsgmVo/mv3lAwl/skON4iLHjSsI+c5H38=
github.com/davecgh/go-spew v1.1.1 h1:vj9j/u1bqnvCEfJOwUhtlOARqs3+rkHYY13jYWTU97c=
github.com/davecgh/go-spew v1.1.1/go.mod h1:J7Y8YcW2NihsgmVo/mv3lAwl/skON4iLHjSsI+c5H38=
github.com/godbus/dbus/v5 v5.0.4/go.mod h1:xhWf0FNVPg57R7Z0UbKHbJfkEywrmjJnf7w5xrFpKfA=
github.com/google/go-cmp v0.5.8 h1:e6P7q2lk1O+qJJb4BtCQXlK8vWEO8V1ZeuEdJNOqZyg=
github.com/google/go-cmp v0.5.8/go.mod h1:17dUlkBOakJ0+DkrSSNjCkIjxS6bF9zb3elmeNGIjoY=
github.com/jmespath/go-jmespath v0.4.0 h1:BEgLn5cpjn8UN1mAw4NjwDrS35OdebyEtFe+9YPoQUg=
github.com/jmespath/go-jmespath v0.4.0/go.mod h1:T8mJZnbsbmF+m6zOOFylbeCJqk5+pHWvzYPziyZiYoo=
github.com/jmespath/go-jmespath/internal/testify v1.5.1 h1:shLQSRRSCCPj3f2gpwzGwWFoC7ycTf1rcQZHOlsJ6N8=
github.com/jmespath/go-jmespath/internal/testify v1.5.1/go.mod h1:L3OGu8Wl2/fWfCI6z80xFu9LTZmf1ZRjMHUOPmWr69U=
github.com/mattn/go-colorable v0.1.12 h1:jF+Du6AlPIjs2BiUiQlKOX0rt3SujHxPnksPKZbaA40=
github.com/mattn/go-colorable v0.1.12/go.mod h1:u5H1YNBxpqRaxsYJYSkiCWKzEfiAb1Gb520KVy5xxl4=
github.com/mattn/go-isatty v0.0.14 h1:yVuAays6BHfxijgZPzw+3Zlu5yQgKGP2/hcQbHb7S9Y=
github.com/mattn/go-isatty v0.0.14/go.mod h1:7GGIvUiUoEMVVmxf/4nioHXj79iQHKdU27kJ6hsGG94=
github.com/pkg/errors v0.9.1/go.mod h1:bwawxfHBFNV+L2hUp1rHADufV3IMtnDRdf1r5NINEl0=
github.com/pmezard/go-difflib v1.0.0 h1:4DBwDE0NGyQoBHbLQYPwSUPoCMWR5BEzIk/f1lZbAQM=
github.com/pmezard/go-difflib v1.0.0/go.mod h1:iKH77koFhYxTK1pcRnkKkqfTogsbg7gZNVY4sRDYZ/4=
github.com/rs/xid v1.4.0/go.mod h1:trrq9SKmegXys3aeAKXMUTdJsYXVwGY3RLcfgqegfbg=
github.com/rs/zerolog v1.29.1 h1:cO+d60CHkknCbvzEWxP0S9K6KqyTjrCNUy1LdQLCGPc=
github.com/rs/zerolog v1.29.1/go.mod h1:Le6ESbR7hc+DP6Lt1THiV8CQSdkkNrd3R0XbEgp3ZBU=
github.com/spf13/pflag v1.0.5 h1:iy+VFUOCP1a+8yFto/drg2CJ5u0yRoB7fZw3DKv/JXA=
github.com/spf13/pflag v1.0.5/go.mod h1:McXfInJRrz4CZXVZOBLb0bTZqETkiAhM9Iw0y3An2Bg=
github.com/stretchr/objx v0.1.0/go.mod h1:HFkY916IF+rwdDfMAkV7OtwuqBVzrE8GR6GFx+wExME=
github.com/stretchr/objx v0.4.0/go.mod h1:YvHI0jy2hoMjB+UWwv71VJQ9isScKT/TqJzVSSt89Yw=
github.com/stretchr/objx v0.5.0 h1:1zr/of2m5FGMsad5YfcqgdqdWrIhu+EBEJRhR1U7z/c=
github.com/stretchr/objx v0.5.0/go.mod h1:Yh+to48EsGEfYuaHDzXPcE3xhTkx73EhmCGUpEOglKo=
github.com/stretchr/testify v1.7.1/go.mod h1:6Fq8oRcR53rry900zMqJjRRixrwX3KX962/h/Wwjteg=
github.com/stretchr/testify v1.8.0/go.mod h1:yNjHg4UonilssWZ8iaSj1OCr/vHnekPRkoO+kdMU+MU=
github.com/stretchr/testify v1.8.4 h1:CcVxjf3Q8PM0mHUKJCdn+eZZtm5yQwehR5yeSVQQcUk=
github.com/stretchr/testify v1.8.4/go.mod h1:sz/lmYIOXD/1dqDmKjjqLyZ2RngseejIcXlSw2iwfAo=
golang.org/x/sys v0.0.0-20210630005230-0f9fa26af87c/go.mod h1:oPkhp1MJrh7nUepCBck5+mAzfO9JrbApNNgaTdGDITg=
golang.org/x/sys v0.0.0-20210927094055-39ccf1dd6fa6 h1:foEbQz/B0Oz6YIqu/69kfXPYeFQAuuMYFkjaqXzl5Wo=
golang.org/x/sys v0.0.0-20210927094055-39ccf1dd6fa6/go.mod h1:oPkhp1MJrh7nUepCBck5+mAzfO9JrbApNNgaTdGDITg=
gopkg.in/check.v1 v0.0.0-20161208181325-20d25e280405 h1:yhCVgyC4o1eVCa2tZl7eS0r+SDo693bJlVdllGtEeKM=
gopkg.in/check.v1 v0.0.0-20161208181325-20d25e280405/go.mod h1:Co6ibVJAznAaIkqp8huTwlJQCZ016jof/cbN4VW5Yz0=
gopkg.in/yaml.v2 v2.2.8 h1:obN1ZagJSUGI0Ek/LBmuj4SNLPfIny3KsKFopxRdj10=
gopkg.in/yaml.v2 v2.2.8/go.mod h1:hI93XBmqTisBFMUTm0b8Fm+jr3Dg1NNxqwp+5A1VGuI=
gopkg.in/yaml.v3 v3.0.0-20200313102051-9f266ea9e77c/go.mod h1:K4uyk7z7BCEPqu6E+C64Yfv1cQ7kz7rIZviUmN+EgEM=
gopkg.in/yaml.v3 v3.0.1 h1:fxVm/GzAzEWqLHuvctI91KS9hhNmmWOoWu0XTYJS7CA=
gopkg.in/yaml.v3 v3.0.1/go.mod h1:K4uyk7z7BCEPqu6E+C64Yfv1cQ7kz7rIZviUmN+EgEM=
